
Microsoft Visual Studio Solution File, Format Version 12.00
# Visual Studio Version 17
VisualStudioVersion = 17.14.36127.28 d17.14
MinimumVisualStudioVersion = 10.0.40219.1
Project("{FAE04EC0-301F-11D3-BF4B-00C04F79EFBC}") = "WPFAPP_DENEME", "WPFAPP_DENEME\WPFAPP_DENEME.csproj", "{60844F99-9452-40EA-A29F-42E70E0FE13F}"
EndProject
Global
	GlobalSection(SolutionConfigurationPlatforms) = preSolution
		Debug|Any CPU = Debug|Any CPU
		Release|Any CPU = Release|Any CPU
	EndGlobalSection
	GlobalSection(ProjectConfigurationPlatforms) = postSolution
		{60844F99-9452-40EA-A29F-42E70E0FE13F}.Debug|Any CPU.ActiveCfg = Debug|Any CPU
		{60844F99-9452-40EA-A29F-42E70E0FE13F}.Debug|Any CPU.Build.0 = Debug|Any CPU
		{60844F99-9452-40EA-A29F-42E70E0FE13F}.Release|Any CPU.ActiveCfg = Release|Any CPU
		{60844F99-9452-40EA-A29F-42E70E0FE13F}.Release|Any CPU.Build.0 = Release|Any CPU
	EndGlobalSection
	GlobalSection(SolutionProperties) = preSolution
		HideSolutionNode = FALSE
	EndGlobalSection
	GlobalSection(ExtensibilityGlobals) = postSolution
		SolutionGuid = {D955FBF3-F40B-4F90-8AFB-0C9C54B114AA}
	EndGlobalSection
EndGlobal
